// !$*UTF8*$!
{
	archiveVersion = 1;
	classes = {
	};
	objectVersion = 56;
	objects = {

/* Begin PBXBuildFile section */
		1700149E29ADF7E900DFF1CA /* RickAndMortyCharacterDetailViewController.swift in Sources */ = {isa = PBXBuildFile; fileRef = 1700149D29ADF7E900DFF1CA /* RickAndMortyCharacterDetailViewController.swift */; };
		170014A229ADF8C100DFF1CA /* RickAndMortyCharacterDetailView.swift in Sources */ = {isa = PBXBuildFile; fileRef = 170014A129ADF8C100DFF1CA /* RickAndMortyCharacterDetailView.swift */; };
		170014A429ADFA7500DFF1CA /* RickAndMortyCharacterDetailViewViewModel.swift in Sources */ = {isa = PBXBuildFile; fileRef = 170014A329ADFA7500DFF1CA /* RickAndMortyCharacterDetailViewViewModel.swift */; };
		1710FC5929ABAEFA0074AE45 /* UIView+Extension.swift in Sources */ = {isa = PBXBuildFile; fileRef = 1710FC5829ABAEFA0074AE45 /* UIView+Extension.swift */; };
		1710FC5B29ABB0580074AE45 /* RickAndMortyCharactersListViewViewModel.swift in Sources */ = {isa = PBXBuildFile; fileRef = 1710FC5A29ABB0580074AE45 /* RickAndMortyCharactersListViewViewModel.swift */; };
		1710FC5D29ABC7860074AE45 /* RickAndMortyCharacterCollectionViewCell.swift in Sources */ = {isa = PBXBuildFile; fileRef = 1710FC5C29ABC7860074AE45 /* RickAndMortyCharacterCollectionViewCell.swift */; };
		1710FC5F29ABCDAA0074AE45 /* RickAndMortyCharacterCollectionViewCellViewModel.swift in Sources */ = {isa = PBXBuildFile; fileRef = 1710FC5E29ABCDAA0074AE45 /* RickAndMortyCharacterCollectionViewCellViewModel.swift */; };
		17267ECC29AA8B550091811C /* RickAndMortyTabBarController.swift in Sources */ = {isa = PBXBuildFile; fileRef = 17267EC729AA8B540091811C /* RickAndMortyTabBarController.swift */; };
		17267ECD29AA8B550091811C /* RickAndMortyLocationViewController.swift in Sources */ = {isa = PBXBuildFile; fileRef = 17267EC829AA8B540091811C /* RickAndMortyLocationViewController.swift */; };
		17267ECE29AA8B550091811C /* RickAndMortyEpisodeViewController.swift in Sources */ = {isa = PBXBuildFile; fileRef = 17267EC929AA8B550091811C /* RickAndMortyEpisodeViewController.swift */; };
		17267ECF29AA8B550091811C /* RickAndMortySettingsViewController.swift in Sources */ = {isa = PBXBuildFile; fileRef = 17267ECA29AA8B550091811C /* RickAndMortySettingsViewController.swift */; };
		17267ED029AA8B550091811C /* RickAndMortyCharactersViewController.swift in Sources */ = {isa = PBXBuildFile; fileRef = 17267ECB29AA8B550091811C /* RickAndMortyCharactersViewController.swift */; };
		17267ED929AA8BAD0091811C /* RickAndMortyCharacterGender.swift in Sources */ = {isa = PBXBuildFile; fileRef = 17267ED229AA8BAD0091811C /* RickAndMortyCharacterGender.swift */; };
		17267EDA29AA8BAD0091811C /* RickAndMortyCharacter.swift in Sources */ = {isa = PBXBuildFile; fileRef = 17267ED329AA8BAD0091811C /* RickAndMortyCharacter.swift */; };
		17267EDB29AA8BAD0091811C /* RickAndMortySingleLocation.swift in Sources */ = {isa = PBXBuildFile; fileRef = 17267ED429AA8BAD0091811C /* RickAndMortySingleLocation.swift */; };
		17267EDC29AA8BAD0091811C /* RickAndMortyCharacterStatus.swift in Sources */ = {isa = PBXBuildFile; fileRef = 17267ED529AA8BAD0091811C /* RickAndMortyCharacterStatus.swift */; };
		17267EDD29AA8BAD0091811C /* RickAndMortyEpisode.swift in Sources */ = {isa = PBXBuildFile; fileRef = 17267ED629AA8BAD0091811C /* RickAndMortyEpisode.swift */; };
		17267EDE29AA8BAD0091811C /* RickAndMortyLocation.swift in Sources */ = {isa = PBXBuildFile; fileRef = 17267ED729AA8BAD0091811C /* RickAndMortyLocation.swift */; };
		17267EDF29AA8BAD0091811C /* RickAndMortyOrigin.swift in Sources */ = {isa = PBXBuildFile; fileRef = 17267ED829AA8BAD0091811C /* RickAndMortyOrigin.swift */; };
		17267EE329AA8EA80091811C /* RickAndMortyRequest.swift in Sources */ = {isa = PBXBuildFile; fileRef = 17267EE029AA8EA80091811C /* RickAndMortyRequest.swift */; };
		17267EE429AA8EA80091811C /* RickAndMortyService.swift in Sources */ = {isa = PBXBuildFile; fileRef = 17267EE129AA8EA80091811C /* RickAndMortyService.swift */; };
		17267EE529AA8EA80091811C /* RickAndMortyEndpoint.swift in Sources */ = {isa = PBXBuildFile; fileRef = 17267EE229AA8EA80091811C /* RickAndMortyEndpoint.swift */; };
		17267EE829AA8EBA0091811C /* RickAndMortyGetAllCharactersResponse.swift in Sources */ = {isa = PBXBuildFile; fileRef = 17267EE729AA8EBA0091811C /* RickAndMortyGetAllCharactersResponse.swift */; };
		17267EEA29AA92210091811C /* RickAndMortyCharactersListView.swift in Sources */ = {isa = PBXBuildFile; fileRef = 17267EE929AA92210091811C /* RickAndMortyCharactersListView.swift */; };
		1742625D29AF550F003019EC /* RickAndMortyFooterLoadingCollectionReusableView.swift in Sources */ = {isa = PBXBuildFile; fileRef = 1742625C29AF550F003019EC /* RickAndMortyFooterLoadingCollectionReusableView.swift */; };
		1798A18D29AA5F0300184292 /* AppDelegate.swift in Sources */ = {isa = PBXBuildFile; fileRef = 1798A18C29AA5F0300184292 /* AppDelegate.swift */; };
		1798A18F29AA5F0300184292 /* SceneDelegate.swift in Sources */ = {isa = PBXBuildFile; fileRef = 1798A18E29AA5F0300184292 /* SceneDelegate.swift */; };
		1798A19629AA5F0600184292 /* Assets.xcassets in Resources */ = {isa = PBXBuildFile; fileRef = 1798A19529AA5F0600184292 /* Assets.xcassets */; };
		1798A19929AA5F0600184292 /* LaunchScreen.storyboard in Resources */ = {isa = PBXBuildFile; fileRef = 1798A19729AA5F0600184292 /* LaunchScreen.storyboard */; };
/* End PBXBuildFile section */

/* Begin PBXFileReference section */
		1700149D29ADF7E900DFF1CA /* RickAndMortyCharacterDetailViewController.swift */ = {isa = PBXFileReference; lastKnownFileType = sourcecode.swift; path = RickAndMortyCharacterDetailViewController.swift; sourceTree = "<group>"; };
		170014A129ADF8C100DFF1CA /* RickAndMortyCharacterDetailView.swift */ = {isa = PBXFileReference; lastKnownFileType = sourcecode.swift; path = RickAndMortyCharacterDetailView.swift; sourceTree = "<group>"; };
		170014A329ADFA7500DFF1CA /* RickAndMortyCharacterDetailViewViewModel.swift */ = {isa = PBXFileReference; lastKnownFileType = sourcecode.swift; path = RickAndMortyCharacterDetailViewViewModel.swift; sourceTree = "<group>"; };
		1710FC5829ABAEFA0074AE45 /* UIView+Extension.swift */ = {isa = PBXFileReference; fileEncoding = 4; lastKnownFileType = sourcecode.swift; path = "UIView+Extension.swift"; sourceTree = "<group>"; };
		1710FC5A29ABB0580074AE45 /* RickAndMortyCharactersListViewViewModel.swift */ = {isa = PBXFileReference; fileEncoding = 4; lastKnownFileType = sourcecode.swift; path = RickAndMortyCharactersListViewViewModel.swift; sourceTree = "<group>"; };
		1710FC5C29ABC7860074AE45 /* RickAndMortyCharacterCollectionViewCell.swift */ = {isa = PBXFileReference; lastKnownFileType = sourcecode.swift; path = RickAndMortyCharacterCollectionViewCell.swift; sourceTree = "<group>"; };
		1710FC5E29ABCDAA0074AE45 /* RickAndMortyCharacterCollectionViewCellViewModel.swift */ = {isa = PBXFileReference; lastKnownFileType = sourcecode.swift; path = RickAndMortyCharacterCollectionViewCellViewModel.swift; sourceTree = "<group>"; };
		17267EC729AA8B540091811C /* RickAndMortyTabBarController.swift */ = {isa = PBXFileReference; fileEncoding = 4; lastKnownFileType = sourcecode.swift; path = RickAndMortyTabBarController.swift; sourceTree = "<group>"; };
		17267EC829AA8B540091811C /* RickAndMortyLocationViewController.swift */ = {isa = PBXFileReference; fileEncoding = 4; lastKnownFileType = sourcecode.swift; path = RickAndMortyLocationViewController.swift; sourceTree = "<group>"; };
		17267EC929AA8B550091811C /* RickAndMortyEpisodeViewController.swift */ = {isa = PBXFileReference; fileEncoding = 4; lastKnownFileType = sourcecode.swift; path = RickAndMortyEpisodeViewController.swift; sourceTree = "<group>"; };
		17267ECA29AA8B550091811C /* RickAndMortySettingsViewController.swift */ = {isa = PBXFileReference; fileEncoding = 4; lastKnownFileType = sourcecode.swift; path = RickAndMortySettingsViewController.swift; sourceTree = "<group>"; };
		17267ECB29AA8B550091811C /* RickAndMortyCharactersViewController.swift */ = {isa = PBXFileReference; fileEncoding = 4; lastKnownFileType = sourcecode.swift; path = RickAndMortyCharactersViewController.swift; sourceTree = "<group>"; };
		17267ED229AA8BAD0091811C /* RickAndMortyCharacterGender.swift */ = {isa = PBXFileReference; fileEncoding = 4; lastKnownFileType = sourcecode.swift; path = RickAndMortyCharacterGender.swift; sourceTree = "<group>"; };
		17267ED329AA8BAD0091811C /* RickAndMortyCharacter.swift */ = {isa = PBXFileReference; fileEncoding = 4; lastKnownFileType = sourcecode.swift; path = RickAndMortyCharacter.swift; sourceTree = "<group>"; };
		17267ED429AA8BAD0091811C /* RickAndMortySingleLocation.swift */ = {isa = PBXFileReference; fileEncoding = 4; lastKnownFileType = sourcecode.swift; path = RickAndMortySingleLocation.swift; sourceTree = "<group>"; };
		17267ED529AA8BAD0091811C /* RickAndMortyCharacterStatus.swift */ = {isa = PBXFileReference; fileEncoding = 4; lastKnownFileType = sourcecode.swift; path = RickAndMortyCharacterStatus.swift; sourceTree = "<group>"; };
		17267ED629AA8BAD0091811C /* RickAndMortyEpisode.swift */ = {isa = PBXFileReference; fileEncoding = 4; lastKnownFileType = sourcecode.swift; path = RickAndMortyEpisode.swift; sourceTree = "<group>"; };
		17267ED729AA8BAD0091811C /* RickAndMortyLocation.swift */ = {isa = PBXFileReference; fileEncoding = 4; lastKnownFileType = sourcecode.swift; path = RickAndMortyLocation.swift; sourceTree = "<group>"; };
		17267ED829AA8BAD0091811C /* RickAndMortyOrigin.swift */ = {isa = PBXFileReference; fileEncoding = 4; lastKnownFileType = sourcecode.swift; path = RickAndMortyOrigin.swift; sourceTree = "<group>"; };
		17267EE029AA8EA80091811C /* RickAndMortyRequest.swift */ = {isa = PBXFileReference; fileEncoding = 4; lastKnownFileType = sourcecode.swift; path = RickAndMortyRequest.swift; sourceTree = "<group>"; };
		17267EE129AA8EA80091811C /* RickAndMortyService.swift */ = {isa = PBXFileReference; fileEncoding = 4; lastKnownFileType = sourcecode.swift; path = RickAndMortyService.swift; sourceTree = "<group>"; };
		17267EE229AA8EA80091811C /* RickAndMortyEndpoint.swift */ = {isa = PBXFileReference; fileEncoding = 4; lastKnownFileType = sourcecode.swift; path = RickAndMortyEndpoint.swift; sourceTree = "<group>"; };
		17267EE729AA8EBA0091811C /* RickAndMortyGetAllCharactersResponse.swift */ = {isa = PBXFileReference; fileEncoding = 4; lastKnownFileType = sourcecode.swift; path = RickAndMortyGetAllCharactersResponse.swift; sourceTree = "<group>"; };
		17267EE929AA92210091811C /* RickAndMortyCharactersListView.swift */ = {isa = PBXFileReference; fileEncoding = 4; lastKnownFileType = sourcecode.swift; path = RickAndMortyCharactersListView.swift; sourceTree = "<group>"; };
		1742625C29AF550F003019EC /* RickAndMortyFooterLoadingCollectionReusableView.swift */ = {isa = PBXFileReference; lastKnownFileType = sourcecode.swift; path = RickAndMortyFooterLoadingCollectionReusableView.swift; sourceTree = "<group>"; };
		1798A18929AA5F0300184292 /* RickAndMortyIOSApp.app */ = {isa = PBXFileReference; explicitFileType = wrapper.application; includeInIndex = 0; path = RickAndMortyIOSApp.app; sourceTree = BUILT_PRODUCTS_DIR; };
		1798A18C29AA5F0300184292 /* AppDelegate.swift */ = {isa = PBXFileReference; lastKnownFileType = sourcecode.swift; path = AppDelegate.swift; sourceTree = "<group>"; };
		1798A18E29AA5F0300184292 /* SceneDelegate.swift */ = {isa = PBXFileReference; lastKnownFileType = sourcecode.swift; path = SceneDelegate.swift; sourceTree = "<group>"; };
		1798A19529AA5F0600184292 /* Assets.xcassets */ = {isa = PBXFileReference; lastKnownFileType = folder.assetcatalog; path = Assets.xcassets; sourceTree = "<group>"; };
		1798A19829AA5F0600184292 /* Base */ = {isa = PBXFileReference; lastKnownFileType = file.storyboard; name = Base; path = Base.lproj/LaunchScreen.storyboard; sourceTree = "<group>"; };
		1798A19A29AA5F0600184292 /* Info.plist */ = {isa = PBXFileReference; lastKnownFileType = text.plist.xml; path = Info.plist; sourceTree = "<group>"; };
/* End PBXFileReference section */

/* Begin PBXFrameworksBuildPhase section */
		1798A18629AA5F0300184292 /* Frameworks */ = {
			isa = PBXFrameworksBuildPhase;
			buildActionMask = 2147483647;
			files = (
			);
			runOnlyForDeploymentPostprocessing = 0;
		};
/* End PBXFrameworksBuildPhase section */

/* Begin PBXGroup section */
		1700149F29ADF7EE00DFF1CA /* RickAndMortyCharacters */ = {
			isa = PBXGroup;
			children = (
				1700149D29ADF7E900DFF1CA /* RickAndMortyCharacterDetailViewController.swift */,
				17267ECB29AA8B550091811C /* RickAndMortyCharactersViewController.swift */,
			);
			path = RickAndMortyCharacters;
			sourceTree = "<group>";
		};
		17267EBE29AA7DC20091811C /* Views */ = {
			isa = PBXGroup;
			children = (
				170014A129ADF8C100DFF1CA /* RickAndMortyCharacterDetailView.swift */,
				17267EE929AA92210091811C /* RickAndMortyCharactersListView.swift */,
				1710FC5C29ABC7860074AE45 /* RickAndMortyCharacterCollectionViewCell.swift */,
				1742625C29AF550F003019EC /* RickAndMortyFooterLoadingCollectionReusableView.swift */,
			);
			path = Views;
			sourceTree = "<group>";
		};
		17267EBF29AA7DD30091811C /* ViewModels */ = {
			isa = PBXGroup;
			children = (
				1710FC5E29ABCDAA0074AE45 /* RickAndMortyCharacterCollectionViewCellViewModel.swift */,
				1710FC5A29ABB0580074AE45 /* RickAndMortyCharactersListViewViewModel.swift */,
				170014A329ADFA7500DFF1CA /* RickAndMortyCharacterDetailViewViewModel.swift */,
			);
			path = ViewModels;
			sourceTree = "<group>";
		};
		17267EC029AA7E030091811C /* Resources */ = {
			isa = PBXGroup;
			children = (
				1798A18C29AA5F0300184292 /* AppDelegate.swift */,
				1798A19529AA5F0600184292 /* Assets.xcassets */,
				1798A19729AA5F0600184292 /* LaunchScreen.storyboard */,
				1798A18E29AA5F0300184292 /* SceneDelegate.swift */,
			);
			path = Resources;
			sourceTree = "<group>";
		};
		17267EC129AA7E0F0091811C /* Models */ = {
			isa = PBXGroup;
			children = (
				17267EE629AA8EBA0091811C /* ApiResponseTypes */,
				17267ED129AA8BAD0091811C /* DataTypes */,
			);
			path = Models;
			sourceTree = "<group>";
		};
		17267EC229AA7E160091811C /* Managers */ = {
			isa = PBXGroup;
			children = (
			);
			path = Managers;
			sourceTree = "<group>";
		};
		17267EC329AA7E1C0091811C /* Extensions */ = {
			isa = PBXGroup;
			children = (
				1710FC5829ABAEFA0074AE45 /* UIView+Extension.swift */,
			);
			path = Extensions;
			sourceTree = "<group>";
		};
		17267EC429AA7E640091811C /* Controllers */ = {
			isa = PBXGroup;
			children = (
				17267EC529AA7E6D0091811C /* Core */,
			);
			path = Controllers;
			sourceTree = "<group>";
		};
		17267EC529AA7E6D0091811C /* Core */ = {
			isa = PBXGroup;
			children = (
				1700149F29ADF7EE00DFF1CA /* RickAndMortyCharacters */,
				17267EC929AA8B550091811C /* RickAndMortyEpisodeViewController.swift */,
				17267EC829AA8B540091811C /* RickAndMortyLocationViewController.swift */,
				17267ECA29AA8B550091811C /* RickAndMortySettingsViewController.swift */,
				17267EC729AA8B540091811C /* RickAndMortyTabBarController.swift */,
			);
			path = Core;
			sourceTree = "<group>";
		};
		17267EC629AA7E770091811C /* APIClient */ = {
			isa = PBXGroup;
			children = (
				17267EE229AA8EA80091811C /* RickAndMortyEndpoint.swift */,
				17267EE029AA8EA80091811C /* RickAndMortyRequest.swift */,
				17267EE129AA8EA80091811C /* RickAndMortyService.swift */,
			);
			path = APIClient;
			sourceTree = "<group>";
		};
		17267ED129AA8BAD0091811C /* DataTypes */ = {
			isa = PBXGroup;
			children = (
				17267ED229AA8BAD0091811C /* RickAndMortyCharacterGender.swift */,
				17267ED329AA8BAD0091811C /* RickAndMortyCharacter.swift */,
				17267ED429AA8BAD0091811C /* RickAndMortySingleLocation.swift */,
				17267ED529AA8BAD0091811C /* RickAndMortyCharacterStatus.swift */,
				17267ED629AA8BAD0091811C /* RickAndMortyEpisode.swift */,
				17267ED729AA8BAD0091811C /* RickAndMortyLocation.swift */,
				17267ED829AA8BAD0091811C /* RickAndMortyOrigin.swift */,
			);
			path = DataTypes;
			sourceTree = "<group>";
		};
		17267EE629AA8EBA0091811C /* ApiResponseTypes */ = {
			isa = PBXGroup;
			children = (
				17267EE729AA8EBA0091811C /* RickAndMortyGetAllCharactersResponse.swift */,
			);
			path = ApiResponseTypes;
			sourceTree = "<group>";
		};
		1798A18029AA5F0300184292 = {
			isa = PBXGroup;
			children = (
				1798A18B29AA5F0300184292 /* RickAndMortyIOSApp */,
				1798A18A29AA5F0300184292 /* Products */,
			);
			sourceTree = "<group>";
		};
		1798A18A29AA5F0300184292 /* Products */ = {
			isa = PBXGroup;
			children = (
				1798A18929AA5F0300184292 /* RickAndMortyIOSApp.app */,
			);
			name = Products;
			sourceTree = "<group>";
		};
		1798A18B29AA5F0300184292 /* RickAndMortyIOSApp */ = {
			isa = PBXGroup;
			children = (
				17267EC629AA7E770091811C /* APIClient */,
				17267EC429AA7E640091811C /* Controllers */,
				17267EC329AA7E1C0091811C /* Extensions */,
				17267EC229AA7E160091811C /* Managers */,
				17267EC129AA7E0F0091811C /* Models */,
				17267EC029AA7E030091811C /* Resources */,
				17267EBF29AA7DD30091811C /* ViewModels */,
				17267EBE29AA7DC20091811C /* Views */,
				1798A19A29AA5F0600184292 /* Info.plist */,
			);
			path = RickAndMortyIOSApp;
			sourceTree = "<group>";
		};
/* End PBXGroup section */

/* Begin PBXNativeTarget section */
		1798A18829AA5F0300184292 /* RickAndMortyIOSApp */ = {
			isa = PBXNativeTarget;
			buildConfigurationList = 1798A19D29AA5F0600184292 /* Build configuration list for PBXNativeTarget "RickAndMortyIOSApp" */;
			buildPhases = (
				1798A18529AA5F0300184292 /* Sources */,
				1798A18629AA5F0300184292 /* Frameworks */,
				1798A18729AA5F0300184292 /* Resources */,
			);
			buildRules = (
			);
			dependencies = (
			);
			name = RickAndMortyIOSApp;
			productName = RickAndMortyIOSApp;
			productReference = 1798A18929AA5F0300184292 /* RickAndMortyIOSApp.app */;
			productType = "com.apple.product-type.application";
		};
/* End PBXNativeTarget section */

/* Begin PBXProject section */
		1798A18129AA5F0300184292 /* Project object */ = {
			isa = PBXProject;
			attributes = {
				BuildIndependentTargetsInParallel = 1;
				LastSwiftUpdateCheck = 1420;
				LastUpgradeCheck = 1420;
				TargetAttributes = {
					1798A18829AA5F0300184292 = {
						CreatedOnToolsVersion = 14.2;
					};
				};
			};
			buildConfigurationList = 1798A18429AA5F0300184292 /* Build configuration list for PBXProject "RickAndMortyIOSApp" */;
			compatibilityVersion = "Xcode 14.0";
			developmentRegion = en;
			hasScannedForEncodings = 0;
			knownRegions = (
				en,
				Base,
			);
			mainGroup = 1798A18029AA5F0300184292;
			productRefGroup = 1798A18A29AA5F0300184292 /* Products */;
			projectDirPath = "";
			projectRoot = "";
			targets = (
				1798A18829AA5F0300184292 /* RickAndMortyIOSApp */,
			);
		};
/* End PBXProject section */

/* Begin PBXResourcesBuildPhase section */
		1798A18729AA5F0300184292 /* Resources */ = {
			isa = PBXResourcesBuildPhase;
			buildActionMask = 2147483647;
			files = (
				1798A19929AA5F0600184292 /* LaunchScreen.storyboard in Resources */,
				1798A19629AA5F0600184292 /* Assets.xcassets in Resources */,
			);
			runOnlyForDeploymentPostprocessing = 0;
		};
/* End PBXResourcesBuildPhase section */

/* Begin PBXSourcesBuildPhase section */
		1798A18529AA5F0300184292 /* Sources */ = {
			isa = PBXSourcesBuildPhase;
			buildActionMask = 2147483647;
			files = (
				17267ECC29AA8B550091811C /* RickAndMortyTabBarController.swift in Sources */,
				17267EE329AA8EA80091811C /* RickAndMortyRequest.swift in Sources */,
				17267EDD29AA8BAD0091811C /* RickAndMortyEpisode.swift in Sources */,
				17267ECE29AA8B550091811C /* RickAndMortyEpisodeViewController.swift in Sources */,
				17267EDA29AA8BAD0091811C /* RickAndMortyCharacter.swift in Sources */,
				17267EDB29AA8BAD0091811C /* RickAndMortySingleLocation.swift in Sources */,
				17267EDE29AA8BAD0091811C /* RickAndMortyLocation.swift in Sources */,
				1710FC5D29ABC7860074AE45 /* RickAndMortyCharacterCollectionViewCell.swift in Sources */,
				17267EE529AA8EA80091811C /* RickAndMortyEndpoint.swift in Sources */,
				17267EE829AA8EBA0091811C /* RickAndMortyGetAllCharactersResponse.swift in Sources */,
				17267ECF29AA8B550091811C /* RickAndMortySettingsViewController.swift in Sources */,
				17267ED929AA8BAD0091811C /* RickAndMortyCharacterGender.swift in Sources */,
				17267ED029AA8B550091811C /* RickAndMortyCharactersViewController.swift in Sources */,
				17267EDF29AA8BAD0091811C /* RickAndMortyOrigin.swift in Sources */,
				17267EEA29AA92210091811C /* RickAndMortyCharactersListView.swift in Sources */,
				17267ECD29AA8B550091811C /* RickAndMortyLocationViewController.swift in Sources */,
				1700149E29ADF7E900DFF1CA /* RickAndMortyCharacterDetailViewController.swift in Sources */,
				17267EE429AA8EA80091811C /* RickAndMortyService.swift in Sources */,
				1742625D29AF550F003019EC /* RickAndMortyFooterLoadingCollectionReusableView.swift in Sources */,
				170014A229ADF8C100DFF1CA /* RickAndMortyCharacterDetailView.swift in Sources */,
				170014A429ADFA7500DFF1CA /* RickAndMortyCharacterDetailViewViewModel.swift in Sources */,
				1710FC5B29ABB0580074AE45 /* RickAndMortyCharactersListViewViewModel.swift in Sources */,
				17267EDC29AA8BAD0091811C /* RickAndMortyCharacterStatus.swift in Sources */,
				1798A18D29AA5F0300184292 /* AppDelegate.swift in Sources */,
				1710FC5929ABAEFA0074AE45 /* UIView+Extension.swift in Sources */,
				1798A18F29AA5F0300184292 /* SceneDelegate.swift in Sources */,
				1710FC5F29ABCDAA0074AE45 /* RickAndMortyCharacterCollectionViewCellViewModel.swift in Sources */,
			);
			runOnlyForDeploymentPostprocessing = 0;
		};
/* End PBXSourcesBuildPhase section */

/* Begin PBXVariantGroup section */
		1798A19729AA5F0600184292 /* LaunchScreen.storyboard */ = {
			isa = PBXVariantGroup;
			children = (
				1798A19829AA5F0600184292 /* Base */,
			);
			name = LaunchScreen.storyboard;
			sourceTree = "<group>";
		};
/* End PBXVariantGroup section */

/* Begin XCBuildConfiguration section */
		1798A19B29AA5F0600184292 /* Debug */ = {
			isa = XCBuildConfiguration;
			buildSettings = {
				ALWAYS_SEARCH_USER_PATHS = NO;
				CLANG_ANALYZER_NONNULL = YES;
				CLANG_ANALYZER_NUMBER_OBJECT_CONVERSION = YES_AGGRESSIVE;
				CLANG_CXX_LANGUAGE_STANDARD = "gnu++20";
				CLANG_ENABLE_MODULES = YES;
				CLANG_ENABLE_OBJC_ARC = YES;
				CLANG_ENABLE_OBJC_WEAK = YES;
				CLANG_WARN_BLOCK_CAPTURE_AUTORELEASING = YES;
				CLANG_WARN_BOOL_CONVERSION = YES;
				CLANG_WARN_COMMA = YES;
				CLANG_WARN_CONSTANT_CONVERSION = YES;
				CLANG_WARN_DEPRECATED_OBJC_IMPLEMENTATIONS = YES;
				CLANG_WARN_DIRECT_OBJC_ISA_USAGE = YES_ERROR;
				CLANG_WARN_DOCUMENTATION_COMMENTS = YES;
				CLANG_WARN_EMPTY_BODY = YES;
				CLANG_WARN_ENUM_CONVERSION = YES;
				CLANG_WARN_INFINITE_RECURSION = YES;
				CLANG_WARN_INT_CONVERSION = YES;
				CLANG_WARN_NON_LITERAL_NULL_CONVERSION = YES;
				CLANG_WARN_OBJC_IMPLICIT_RETAIN_SELF = YES;
				CLANG_WARN_OBJC_LITERAL_CONVERSION = YES;
				CLANG_WARN_OBJC_ROOT_CLASS = YES_ERROR;
				CLANG_WARN_QUOTED_INCLUDE_IN_FRAMEWORK_HEADER = YES;
				CLANG_WARN_RANGE_LOOP_ANALYSIS = YES;
				CLANG_WARN_STRICT_PROTOTYPES = YES;
				CLANG_WARN_SUSPICIOUS_MOVE = YES;
				CLANG_WARN_UNGUARDED_AVAILABILITY = YES_AGGRESSIVE;
				CLANG_WARN_UNREACHABLE_CODE = YES;
				CLANG_WARN__DUPLICATE_METHOD_MATCH = YES;
				COPY_PHASE_STRIP = NO;
				DEBUG_INFORMATION_FORMAT = dwarf;
				ENABLE_STRICT_OBJC_MSGSEND = YES;
				ENABLE_TESTABILITY = YES;
				GCC_C_LANGUAGE_STANDARD = gnu11;
				GCC_DYNAMIC_NO_PIC = NO;
				GCC_NO_COMMON_BLOCKS = YES;
				GCC_OPTIMIZATION_LEVEL = 0;
				GCC_PREPROCESSOR_DEFINITIONS = (
					"DEBUG=1",
					"$(inherited)",
				);
				GCC_WARN_64_TO_32_BIT_CONVERSION = YES;
				GCC_WARN_ABOUT_RETURN_TYPE = YES_ERROR;
				GCC_WARN_UNDECLARED_SELECTOR = YES;
				GCC_WARN_UNINITIALIZED_AUTOS = YES_AGGRESSIVE;
				GCC_WARN_UNUSED_FUNCTION = YES;
				GCC_WARN_UNUSED_VARIABLE = YES;
				IPHONEOS_DEPLOYMENT_TARGET = 16.2;
				MTL_ENABLE_DEBUG_INFO = INCLUDE_SOURCE;
				MTL_FAST_MATH = YES;
				ONLY_ACTIVE_ARCH = YES;
				SDKROOT = iphoneos;
				SWIFT_ACTIVE_COMPILATION_CONDITIONS = DEBUG;
				SWIFT_OPTIMIZATION_LEVEL = "-Onone";
			};
			name = Debug;
		};
		1798A19C29AA5F0600184292 /* Release */ = {
			isa = XCBuildConfiguration;
			buildSettings = {
				ALWAYS_SEARCH_USER_PATHS = NO;
				CLANG_ANALYZER_NONNULL = YES;
				CLANG_ANALYZER_NUMBER_OBJECT_CONVERSION = YES_AGGRESSIVE;
				CLANG_CXX_LANGUAGE_STANDARD = "gnu++20";
				CLANG_ENABLE_MODULES = YES;
				CLANG_ENABLE_OBJC_ARC = YES;
				CLANG_ENABLE_OBJC_WEAK = YES;
				CLANG_WARN_BLOCK_CAPTURE_AUTORELEASING = YES;
				CLANG_WARN_BOOL_CONVERSION = YES;
				CLANG_WARN_COMMA = YES;
				CLANG_WARN_CONSTANT_CONVERSION = YES;
				CLANG_WARN_DEPRECATED_OBJC_IMPLEMENTATIONS = YES;
				CLANG_WARN_DIRECT_OBJC_ISA_USAGE = YES_ERROR;
				CLANG_WARN_DOCUMENTATION_COMMENTS = YES;
				CLANG_WARN_EMPTY_BODY = YES;
				CLANG_WARN_ENUM_CONVERSION = YES;
				CLANG_WARN_INFINITE_RECURSION = YES;
				CLANG_WARN_INT_CONVERSION = YES;
				CLANG_WARN_NON_LITERAL_NULL_CONVERSION = YES;
				CLANG_WARN_OBJC_IMPLICIT_RETAIN_SELF = YES;
				CLANG_WARN_OBJC_LITERAL_CONVERSION = YES;
				CLANG_WARN_OBJC_ROOT_CLASS = YES_ERROR;
				CLANG_WARN_QUOTED_INCLUDE_IN_FRAMEWORK_HEADER = YES;
				CLANG_WARN_RANGE_LOOP_ANALYSIS = YES;
				CLANG_WARN_STRICT_PROTOTYPES = YES;
				CLANG_WARN_SUSPICIOUS_MOVE = YES;
				CLANG_WARN_UNGUARDED_AVAILABILITY = YES_AGGRESSIVE;
				CLANG_WARN_UNREACHABLE_CODE = YES;
				CLANG_WARN__DUPLICATE_METHOD_MATCH = YES;
				COPY_PHASE_STRIP = NO;
				DEBUG_INFORMATION_FORMAT = "dwarf-with-dsym";
				ENABLE_NS_ASSERTIONS = NO;
				ENABLE_STRICT_OBJC_MSGSEND = YES;
				GCC_C_LANGUAGE_STANDARD = gnu11;
				GCC_NO_COMMON_BLOCKS = YES;
				GCC_WARN_64_TO_32_BIT_CONVERSION = YES;
				GCC_WARN_ABOUT_RETURN_TYPE = YES_ERROR;
				GCC_WARN_UNDECLARED_SELECTOR = YES;
				GCC_WARN_UNINITIALIZED_AUTOS = YES_AGGRESSIVE;
				GCC_WARN_UNUSED_FUNCTION = YES;
				GCC_WARN_UNUSED_VARIABLE = YES;
				IPHONEOS_DEPLOYMENT_TARGET = 16.2;
				MTL_ENABLE_DEBUG_INFO = NO;
				MTL_FAST_MATH = YES;
				SDKROOT = iphoneos;
				SWIFT_COMPILATION_MODE = wholemodule;
				SWIFT_OPTIMIZATION_LEVEL = "-O";
				VALIDATE_PRODUCT = YES;
			};
			name = Release;
		};
		1798A19E29AA5F0600184292 /* Debug */ = {
			isa = XCBuildConfiguration;
			buildSettings = {
				ASSETCATALOG_COMPILER_APPICON_NAME = AppIcon;
				ASSETCATALOG_COMPILER_GLOBAL_ACCENT_COLOR_NAME = AccentColor;
				CODE_SIGN_STYLE = Automatic;
				CURRENT_PROJECT_VERSION = 1;
				DEVELOPMENT_TEAM = 7X48R5E6LJ;
				GENERATE_INFOPLIST_FILE = YES;
				INFOPLIST_FILE = RickAndMortyIOSApp/Info.plist;
				INFOPLIST_KEY_UIApplicationSupportsIndirectInputEvents = YES;
				INFOPLIST_KEY_UILaunchStoryboardName = LaunchScreen;
				INFOPLIST_KEY_UISupportedInterfaceOrientations_iPad = "UIInterfaceOrientationPortrait UIInterfaceOrientationPortraitUpsideDown UIInterfaceOrientationLandscapeLeft UIInterfaceOrientationLandscapeRight";
				INFOPLIST_KEY_UISupportedInterfaceOrientations_iPhone = "UIInterfaceOrientationPortrait UIInterfaceOrientationLandscapeLeft UIInterfaceOrientationLandscapeRight";
				LD_RUNPATH_SEARCH_PATHS = (
					"$(inherited)",
					"@executable_path/Frameworks",
				);
				MARKETING_VERSION = 1.0;
				PRODUCT_BUNDLE_IDENTIFIER = com.napps.RickAndMortyIOSApp;
				PRODUCT_NAME = "$(TARGET_NAME)";
				SWIFT_EMIT_LOC_STRINGS = YES;
				SWIFT_VERSION = 5.0;
				TARGETED_DEVICE_FAMILY = "1,2";
			};
			name = Debug;
		};
		1798A19F29AA5F0600184292 /* Release */ = {
			isa = XCBuildConfiguration;
			buildSettings = {
				ASSETCATALOG_COMPILER_APPICON_NAME = AppIcon;
				ASSETCATALOG_COMPILER_GLOBAL_ACCENT_COLOR_NAME = AccentColor;
				CODE_SIGN_STYLE = Automatic;
				CURRENT_PROJECT_VERSION = 1;
				DEVELOPMENT_TEAM = 7X48R5E6LJ;
				GENERATE_INFOPLIST_FILE = YES;
				INFOPLIST_FILE = RickAndMortyIOSApp/Info.plist;
				INFOPLIST_KEY_UIApplicationSupportsIndirectInputEvents = YES;
				INFOPLIST_KEY_UILaunchStoryboardName = LaunchScreen;
				INFOPLIST_KEY_UISupportedInterfaceOrientations_iPad = "UIInterfaceOrientationPortrait UIInterfaceOrientationPortraitUpsideDown UIInterfaceOrientationLandscapeLeft UIInterfaceOrientationLandscapeRight";
				INFOPLIST_KEY_UISupportedInterfaceOrientations_iPhone = "UIInterfaceOrientationPortrait UIInterfaceOrientationLandscapeLeft UIInterfaceOrientationLandscapeRight";
				LD_RUNPATH_SEARCH_PATHS = (
					"$(inherited)",
					"@executable_path/Frameworks",
				);
				MARKETING_VERSION = 1.0;
				PRODUCT_BUNDLE_IDENTIFIER = com.napps.RickAndMortyIOSApp;
				PRODUCT_NAME = "$(TARGET_NAME)";
				SWIFT_EMIT_LOC_STRINGS = YES;
				SWIFT_VERSION = 5.0;
				TARGETED_DEVICE_FAMILY = "1,2";
			};
			name = Release;
		};
/* End XCBuildConfiguration section */

/* Begin XCConfigurationList section */
		1798A18429AA5F0300184292 /* Build configuration list for PBXProject "RickAndMortyIOSApp" */ = {
			isa = XCConfigurationList;
			buildConfigurations = (
				1798A19B29AA5F0600184292 /* Debug */,
				1798A19C29AA5F0600184292 /* Release */,
			);
			defaultConfigurationIsVisible = 0;
			defaultConfigurationName = Release;
		};
		1798A19D29AA5F0600184292 /* Build configuration list for PBXNativeTarget "RickAndMortyIOSApp" */ = {
			isa = XCConfigurationList;
			buildConfigurations = (
				1798A19E29AA5F0600184292 /* Debug */,
				1798A19F29AA5F0600184292 /* Release */,
			);
			defaultConfigurationIsVisible = 0;
			defaultConfigurationName = Release;
		};
/* End XCConfigurationList section */
	};
	rootObject = 1798A18129AA5F0300184292 /* Project object */;
}
